
Microsoft Visual Studio Solution File, Format Version 12.00
# Visual Studio Version 17
VisualStudioVersion = 17.4.33403.182
MinimumVisualStudioVersion = 10.0.40219.1
Project("{FAE04EC0-301F-11D3-BF4B-00C04F79EFBC}") = "InventoryMGMTTuto", "InventoryMGMTTuto\InventoryMGMTTuto.csproj", "{7781DB62-D21F-41BA-9087-4429E72558BF}"
EndProject
Global
	GlobalSection(SolutionConfigurationPlatforms) = preSolution
		Debug|Any CPU = Debug|Any CPU
		Release|Any CPU = Release|Any CPU
	EndGlobalSection
	GlobalSection(ProjectConfigurationPlatforms) = postSolution
		{7781DB62-D21F-41BA-9087-4429E72558BF}.Debug|Any CPU.ActiveCfg = Debug|Any CPU
		{7781DB62-D21F-41BA-9087-4429E72558BF}.Debug|Any CPU.Build.0 = Debug|Any CPU
		{7781DB62-D21F-41BA-9087-4429E72558BF}.Release|Any CPU.ActiveCfg = Release|Any CPU
		{7781DB62-D21F-41BA-9087-4429E72558BF}.Release|Any CPU.Build.0 = Release|Any CPU
	EndGlobalSection
	GlobalSection(SolutionProperties) = preSolution
		HideSolutionNode = FALSE
	EndGlobalSection
	GlobalSection(ExtensibilityGlobals) = postSolution
		SolutionGuid = {4191A4DA-A0F2-49C6-B5A1-ED476E97A0BA}
	EndGlobalSection
EndGlobal
